
Microsoft Visual Studio Solution File, Format Version 12.00
# Visual Studio Version 17
VisualStudioVersion = 17.2.32505.173
MinimumVisualStudioVersion = 10.0.40219.1
Project("{FAE04EC0-301F-11D3-BF4B-00C04F79EFBC}") = "RestaurantDL", "RestaurantDL\RestaurantDL.csproj", "{F78D7EB7-FEB8-48DE-945D-DF2D6C872BD1}"
EndProject
Project("{FAE04EC0-301F-11D3-BF4B-00C04F79EFBC}") = "RestaurantBL", "RestaurantBL\RestaurantBL.csproj", "{99340914-BEA0-4D6A-8747-6893C0FEC4AA}"
EndProject
Project("{FAE04EC0-301F-11D3-BF4B-00C04F79EFBC}") = "Restaurant Models", "Restaurant Models\Restaurant Models.csproj", "{2BDCD5AA-062E-42C5-A704-324A078E1A9C}"
EndProject
Project("{FAE04EC0-301F-11D3-BF4B-00C04F79EFBC}") = "RestaurantAPI", "RestaurantAPI\RestaurantAPI.csproj", "{CD3BC94F-887E-4207-BA07-80B728282859}"
EndProject
Global
	GlobalSection(SolutionConfigurationPlatforms) = preSolution
		Debug|Any CPU = Debug|Any CPU
		Release|Any CPU = Release|Any CPU
	EndGlobalSection
	GlobalSection(ProjectConfigurationPlatforms) = postSolution
		{F78D7EB7-FEB8-48DE-945D-DF2D6C872BD1}.Debug|Any CPU.ActiveCfg = Debug|Any CPU
		{F78D7EB7-FEB8-48DE-945D-DF2D6C872BD1}.Debug|Any CPU.Build.0 = Debug|Any CPU
		{F78D7EB7-FEB8-48DE-945D-DF2D6C872BD1}.Release|Any CPU.ActiveCfg = Release|Any CPU
		{F78D7EB7-FEB8-48DE-945D-DF2D6C872BD1}.Release|Any CPU.Build.0 = Release|Any CPU
		{99340914-BEA0-4D6A-8747-6893C0FEC4AA}.Debug|Any CPU.ActiveCfg = Debug|Any CPU
		{99340914-BEA0-4D6A-8747-6893C0FEC4AA}.Debug|Any CPU.Build.0 = Debug|Any CPU
		{99340914-BEA0-4D6A-8747-6893C0FEC4AA}.Release|Any CPU.ActiveCfg = Release|Any CPU
		{99340914-BEA0-4D6A-8747-6893C0FEC4AA}.Release|Any CPU.Build.0 = Release|Any CPU
		{2BDCD5AA-062E-42C5-A704-324A078E1A9C}.Debug|Any CPU.ActiveCfg = Debug|Any CPU
		{2BDCD5AA-062E-42C5-A704-324A078E1A9C}.Debug|Any CPU.Build.0 = Debug|Any CPU
		{2BDCD5AA-062E-42C5-A704-324A078E1A9C}.Release|Any CPU.ActiveCfg = Release|Any CPU
		{2BDCD5AA-062E-42C5-A704-324A078E1A9C}.Release|Any CPU.Build.0 = Release|Any CPU
		{CD3BC94F-887E-4207-BA07-80B728282859}.Debug|Any CPU.ActiveCfg = Debug|Any CPU
		{CD3BC94F-887E-4207-BA07-80B728282859}.Debug|Any CPU.Build.0 = Debug|Any CPU
		{CD3BC94F-887E-4207-BA07-80B728282859}.Release|Any CPU.ActiveCfg = Release|Any CPU
		{CD3BC94F-887E-4207-BA07-80B728282859}.Release|Any CPU.Build.0 = Release|Any CPU
	EndGlobalSection
	GlobalSection(SolutionProperties) = preSolution
		HideSolutionNode = FALSE
	EndGlobalSection
	GlobalSection(ExtensibilityGlobals) = postSolution
		SolutionGuid = {E6A96248-1C25-4386-87C1-859A47DB61E0}
	EndGlobalSection
EndGlobal
