
Microsoft Visual Studio Solution File, Format Version 12.00
# Visual Studio Version 17
VisualStudioVersion = 17.1.32407.343
MinimumVisualStudioVersion = 10.0.40219.1
Project("{9A19103F-16F7-4668-BE54-9A1E7A4F7556}") = "RestaurantBL", "RestaurantBL\RestaurantBL.csproj", "{00EC360A-BA6F-416C-8599-192D0A4C8477}"
EndProject
Project("{9A19103F-16F7-4668-BE54-9A1E7A4F7556}") = "RestaurantUI", "ResturantUI\RestaurantUI.csproj", "{24B36DCC-EDD5-4D36-83A5-D66E581F50EC}"
EndProject
Project("{9A19103F-16F7-4668-BE54-9A1E7A4F7556}") = "RestaurantDL", "ResturantLibrary\RestaurantDL.csproj", "{84BFB425-BD57-4728-B822-8ED0FC811BEF}"
EndProject
Project("{9A19103F-16F7-4668-BE54-9A1E7A4F7556}") = "RestaurantModels", "ResturantModels\RestaurantModels.csproj", "{04D2C413-4EF7-47D4-A02F-10E81318F919}"
EndProject
Project("{9A19103F-16F7-4668-BE54-9A1E7A4F7556}") = "RestaurantAPI", "RestaurantAPI\RestaurantAPI.csproj", "{0C4A4488-928F-4EBF-BA44-5F0BDEB9D292}"
EndProject
Project("{FAE04EC0-301F-11D3-BF4B-00C04F79EFBC}") = "UnitTesting", "UnitTesting\UnitTesting.csproj", "{1EE7C969-A459-4A4A-A93C-702546004EA6}"
EndProject
Global
	GlobalSection(SolutionConfigurationPlatforms) = preSolution
		Debug|Any CPU = Debug|Any CPU
		Release|Any CPU = Release|Any CPU
	EndGlobalSection
	GlobalSection(ProjectConfigurationPlatforms) = postSolution
		{00EC360A-BA6F-416C-8599-192D0A4C8477}.Debug|Any CPU.ActiveCfg = Debug|Any CPU
		{00EC360A-BA6F-416C-8599-192D0A4C8477}.Debug|Any CPU.Build.0 = Debug|Any CPU
		{00EC360A-BA6F-416C-8599-192D0A4C8477}.Release|Any CPU.ActiveCfg = Release|Any CPU
		{00EC360A-BA6F-416C-8599-192D0A4C8477}.Release|Any CPU.Build.0 = Release|Any CPU
		{24B36DCC-EDD5-4D36-83A5-D66E581F50EC}.Debug|Any CPU.ActiveCfg = Debug|Any CPU
		{24B36DCC-EDD5-4D36-83A5-D66E581F50EC}.Debug|Any CPU.Build.0 = Debug|Any CPU
		{24B36DCC-EDD5-4D36-83A5-D66E581F50EC}.Release|Any CPU.ActiveCfg = Release|Any CPU
		{24B36DCC-EDD5-4D36-83A5-D66E581F50EC}.Release|Any CPU.Build.0 = Release|Any CPU
		{84BFB425-BD57-4728-B822-8ED0FC811BEF}.Debug|Any CPU.ActiveCfg = Debug|Any CPU
		{84BFB425-BD57-4728-B822-8ED0FC811BEF}.Debug|Any CPU.Build.0 = Debug|Any CPU
		{84BFB425-BD57-4728-B822-8ED0FC811BEF}.Release|Any CPU.ActiveCfg = Release|Any CPU
		{84BFB425-BD57-4728-B822-8ED0FC811BEF}.Release|Any CPU.Build.0 = Release|Any CPU
		{04D2C413-4EF7-47D4-A02F-10E81318F919}.Debug|Any CPU.ActiveCfg = Debug|Any CPU
		{04D2C413-4EF7-47D4-A02F-10E81318F919}.Debug|Any CPU.Build.0 = Debug|Any CPU
		{04D2C413-4EF7-47D4-A02F-10E81318F919}.Release|Any CPU.ActiveCfg = Release|Any CPU
		{04D2C413-4EF7-47D4-A02F-10E81318F919}.Release|Any CPU.Build.0 = Release|Any CPU
		{0C4A4488-928F-4EBF-BA44-5F0BDEB9D292}.Debug|Any CPU.ActiveCfg = Debug|Any CPU
		{0C4A4488-928F-4EBF-BA44-5F0BDEB9D292}.Debug|Any CPU.Build.0 = Debug|Any CPU
		{0C4A4488-928F-4EBF-BA44-5F0BDEB9D292}.Release|Any CPU.ActiveCfg = Release|Any CPU
		{0C4A4488-928F-4EBF-BA44-5F0BDEB9D292}.Release|Any CPU.Build.0 = Release|Any CPU
		{1EE7C969-A459-4A4A-A93C-702546004EA6}.Debug|Any CPU.ActiveCfg = Debug|Any CPU
		{1EE7C969-A459-4A4A-A93C-702546004EA6}.Debug|Any CPU.Build.0 = Debug|Any CPU
		{1EE7C969-A459-4A4A-A93C-702546004EA6}.Release|Any CPU.ActiveCfg = Release|Any CPU
		{1EE7C969-A459-4A4A-A93C-702546004EA6}.Release|Any CPU.Build.0 = Release|Any CPU
	EndGlobalSection
	GlobalSection(SolutionProperties) = preSolution
		HideSolutionNode = FALSE
	EndGlobalSection
	GlobalSection(ExtensibilityGlobals) = postSolution
		SolutionGuid = {3C66D3C9-9643-410D-8FDC-ED780481E75A}
	EndGlobalSection
EndGlobal
